{
  "version": 4,
  "terraform_version": "0.15.4",
  "serial": 3,
  "lineage": "19848334-16dc-708c-e472-3cdc6d5206c1",
  "outputs": {},
  "resources": [
    {
      "mode": "managed",
      "type": "aws_vpc",
      "name": "vpc1",
      "provider": "provider[\"registry.terraform.io/hashicorp/aws\"]",
      "instances": [
        {
          "schema_version": 1,
          "attributes": {
            "arn": "arn:aws:ec2:us-east-1:326423747998:vpc/vpc-015663957b87ade01",
            "assign_generated_ipv6_cidr_block": false,
            "cidr_block": "10.0.0.0/16",
            "default_network_acl_id": "acl-027bb1e11da8d0967",
            "default_route_table_id": "rtb-0dbc91e5d5c6207e8",
            "default_security_group_id": "sg-0c20bd5ed99d33d16",
            "dhcp_options_id": "dopt-58074a22",
            "enable_classiclink": false,
            "enable_classiclink_dns_support": false,
            "enable_dns_hostnames": false,
            "enable_dns_support": true,
            "id": "vpc-015663957b87ade01",
            "instance_tenancy": "default",
            "ipv6_association_id": "",
            "ipv6_cidr_block": "",
            "main_route_table_id": "rtb-0dbc91e5d5c6207e8",
            "owner_id": "326423747998",
            "tags": {
              "Environment": "QAEnv",
              "Name": "DemoVPC1",
              "Terraformed": "True"
            },
            "tags_all": {
              "Environment": "QAEnv",
              "Name": "DemoVPC1",
              "Terraformed": "True"
            }
          },
          "sensitive_attributes": [],
          "private": "eyJzY2hlbWFfdmVyc2lvbiI6IjEifQ=="
        }
      ]
    }
  ]
}
