{
  "version": 4,
  "terraform_version": "0.15.4",
  "serial": 5,
  "lineage": "19848334-16dc-708c-e472-3cdc6d5206c1",
  "outputs": {},
  "resources": [
    {
      "mode": "managed",
      "type": "aws_subnet",
      "name": "subnet1",
      "provider": "provider[\"registry.terraform.io/hashicorp/aws\"]",
      "instances": [
        {
          "schema_version": 1,
          "attributes": {
            "arn": "arn:aws:ec2:us-east-1:326423747998:subnet/subnet-0bd9e7100260ae693",
            "assign_ipv6_address_on_creation": false,
            "availability_zone": "us-east-1f",
            "availability_zone_id": "use1-az5",
            "cidr_block": "10.0.1.0/24",
            "customer_owned_ipv4_pool": "",
            "id": "subnet-0bd9e7100260ae693",
            "ipv6_cidr_block": "",
            "ipv6_cidr_block_association_id": "",
            "map_customer_owned_ip_on_launch": false,
            "map_public_ip_on_launch": false,
            "outpost_arn": "",
            "owner_id": "326423747998",
            "tags": {
              "Name": "Private DemoSubnet"
            },
            "tags_all": {
              "Name": "Private DemoSubnet"
            },
            "timeouts": null,
            "vpc_id": "vpc-015663957b87ade01"
          },
          "sensitive_attributes": [],
          "private": "eyJlMmJmYjczMC1lY2FhLTExZTYtOGY4OC0zNDM2M2JjN2M0YzAiOnsiY3JlYXRlIjo2MDAwMDAwMDAwMDAsImRlbGV0ZSI6MTIwMDAwMDAwMDAwMH0sInNjaGVtYV92ZXJzaW9uIjoiMSJ9",
          "dependencies": [
            "aws_vpc.vpc1"
          ]
        }
      ]
    },
    {
      "mode": "managed",
      "type": "aws_vpc",
      "name": "vpc1",
      "provider": "provider[\"registry.terraform.io/hashicorp/aws\"]",
      "instances": [
        {
          "schema_version": 1,
          "attributes": {
            "arn": "arn:aws:ec2:us-east-1:326423747998:vpc/vpc-015663957b87ade01",
            "assign_generated_ipv6_cidr_block": false,
            "cidr_block": "10.0.0.0/16",
            "default_network_acl_id": "acl-027bb1e11da8d0967",
            "default_route_table_id": "rtb-0dbc91e5d5c6207e8",
            "default_security_group_id": "sg-0c20bd5ed99d33d16",
            "dhcp_options_id": "dopt-58074a22",
            "enable_classiclink": false,
            "enable_classiclink_dns_support": false,
            "enable_dns_hostnames": false,
            "enable_dns_support": true,
            "id": "vpc-015663957b87ade01",
            "instance_tenancy": "default",
            "ipv6_association_id": "",
            "ipv6_cidr_block": "",
            "main_route_table_id": "rtb-0dbc91e5d5c6207e8",
            "owner_id": "326423747998",
            "tags": {
              "Environment": "QAEnv",
              "Name": "DemoVPC1",
              "Terraformed": "True"
            },
            "tags_all": {
              "Environment": "QAEnv",
              "Name": "DemoVPC1",
              "Terraformed": "True"
            }
          },
          "sensitive_attributes": [],
          "private": "eyJzY2hlbWFfdmVyc2lvbiI6IjEifQ=="
        }
      ]
    }
  ]
}
